<?xml version="1.0" encoding="utf-8"?>
<Project ToolsVersion="4.0" xmlns="http://schemas.microsoft.com/developer/msbuild/2003">
  <ItemGroup>
    <ClCompile Include="3ds.c">
      <Filter>Source</Filter>
    </ClCompile>
    <ClCompile Include="dds.c">
      <Filter>Source</Filter>
    </ClCompile>
    <ClCompile Include="engine.c">
      <Filter>Source</Filter>
    </ClCompile>
    <ClCompile Include="font.c">
      <Filter>Source</Filter>
    </ClCompile>
    <ClCompile Include="image.c">
      <Filter>Source</Filter>
    </ClCompile>
    <ClCompile Include="math.c">
      <Filter>Source</Filter>
    </ClCompile>
    <ClCompile Include="opengl.c">
      <Filter>Source</Filter>
    </ClCompile>
    <ClCompile Include="tga.c">
      <Filter>Source</Filter>
    </ClCompile>
  </ItemGroup>
  <ItemGroup>
    <ClInclude Include="3ds.h">
      <Filter>Headers</Filter>
    </ClInclude>
    <ClInclude Include="font.h">
      <Filter>Headers</Filter>
    </ClInclude>
    <ClInclude Include="image.h">
      <Filter>Headers</Filter>
    </ClInclude>
    <ClInclude Include="math.h">
      <Filter>Headers</Filter>
    </ClInclude>
    <ClInclude Include="opengl.h">
      <Filter>Headers</Filter>
    </ClInclude>
  </ItemGroup>
  <ItemGroup>
    <Filter Include="Source">
      <UniqueIdentifier>{89b6db9a-3cb0-4397-9ea1-fd66956ee621}</UniqueIdentifier>
    </Filter>
    <Filter Include="Headers">
      <UniqueIdentifier>{5dcac6fa-5678-41a7-a764-3720cf90d5e0}</UniqueIdentifier>
    </Filter>
    <Filter Include="Shaders">
      <UniqueIdentifier>{19472c44-3dca-41c8-b45f-24861c6dd750}</UniqueIdentifier>
    </Filter>
  </ItemGroup>
  <ItemGroup>
    <None Include="light_f.glsl">
      <Filter>Shaders</Filter>
    </None>
    <None Include="light_v.glsl">
      <Filter>Shaders</Filter>
    </None>
    <None Include="font_f.glsl">
      <Filter>Shaders</Filter>
    </None>
    <None Include="font_v.glsl">
      <Filter>Shaders</Filter>
    </None>
  </ItemGroup>
</Project>